
Microsoft Visual Studio Solution File, Format Version 12.00
Project("{FAE04EC0-301F-11D3-BF4B-00C04F79EFBC}") = "edel.adventiel.connetor.api", "Edel.Adventiel.Connector.Api\Edel.Adventiel.Connector.Api.csproj", "{06DF4370-82B5-4F5F-86B0-A35FCF972CD5}"
EndProject
Global
	GlobalSection(SolutionConfigurationPlatforms) = preSolution
		Debug|Any CPU = Debug|Any CPU
		Release|Any CPU = Release|Any CPU
	EndGlobalSection
	GlobalSection(ProjectConfigurationPlatforms) = postSolution
		{06DF4370-82B5-4F5F-86B0-A35FCF972CD5}.Debug|Any CPU.ActiveCfg = Debug|Any CPU
		{06DF4370-82B5-4F5F-86B0-A35FCF972CD5}.Debug|Any CPU.Build.0 = Debug|Any CPU
		{06DF4370-82B5-4F5F-86B0-A35FCF972CD5}.Release|Any CPU.ActiveCfg = Release|Any CPU
		{06DF4370-82B5-4F5F-86B0-A35FCF972CD5}.Release|Any CPU.Build.0 = Release|Any CPU
	EndGlobalSection
EndGlobal
