
Microsoft Visual Studio Solution File, Format Version 12.00
Project("{FAE04EC0-301F-11D3-BF4B-00C04F79EFBC}") = "Edel.Adventiel.Connector.Api", "Edel.Adventiel.Connector.Api.csproj", "{6AFD6C85-9A75-4CC1-B1F1-5180391EAFE3}"
EndProject
Global
	GlobalSection(SolutionConfigurationPlatforms) = preSolution
		Debug|Any CPU = Debug|Any CPU
		Release|Any CPU = Release|Any CPU
	EndGlobalSection
	GlobalSection(ProjectConfigurationPlatforms) = postSolution
		{6AFD6C85-9A75-4CC1-B1F1-5180391EAFE3}.Debug|Any CPU.ActiveCfg = Debug|Any CPU
		{6AFD6C85-9A75-4CC1-B1F1-5180391EAFE3}.Debug|Any CPU.Build.0 = Debug|Any CPU
		{6AFD6C85-9A75-4CC1-B1F1-5180391EAFE3}.Release|Any CPU.ActiveCfg = Release|Any CPU
		{6AFD6C85-9A75-4CC1-B1F1-5180391EAFE3}.Release|Any CPU.Build.0 = Release|Any CPU
	EndGlobalSection
EndGlobal
